// !$*UTF8*$!
{
	archiveVersion = 1;
	classes = {
	};
	objectVersion = 48;
	objects = {

/* Begin PBXBuildFile section */
		7D1053F6207382D100880FF2 /* AppDelegate.swift in Sources */ = {isa = PBXBuildFile; fileRef = 7D1053F5207382D100880FF2 /* AppDelegate.swift */; };
		7D1053F8207382D100880FF2 /* ViewController.swift in Sources */ = {isa = PBXBuildFile; fileRef = 7D1053F7207382D100880FF2 /* ViewController.swift */; };
		7D1053FB207382D100880FF2 /* Main.storyboard in Resources */ = {isa = PBXBuildFile; fileRef = 7D1053F9207382D100880FF2 /* Main.storyboard */; };
		7D1053FD207382D100880FF2 /* Assets.xcassets in Resources */ = {isa = PBXBuildFile; fileRef = 7D1053FC207382D100880FF2 /* Assets.xcassets */; };
		7D105400207382D100880FF2 /* LaunchScreen.storyboard in Resources */ = {isa = PBXBuildFile; fileRef = 7D1053FE207382D100880FF2 /* LaunchScreen.storyboard */; };
		7D1054082073A7ED00880FF2 /* PlayerView.swift in Sources */ = {isa = PBXBuildFile; fileRef = 7D1054072073A7ED00880FF2 /* PlayerView.swift */; };
		7D10540C20748F2200880FF2 /* VideoListViewController.swift in Sources */ = {isa = PBXBuildFile; fileRef = 7D10540B20748F2200880FF2 /* VideoListViewController.swift */; };
		7D10540E20748F6E00880FF2 /* PlayerViewController.swift in Sources */ = {isa = PBXBuildFile; fileRef = 7D10540D20748F6E00880FF2 /* PlayerViewController.swift */; };
		7D1054112074A12E00880FF2 /* Extension.swift in Sources */ = {isa = PBXBuildFile; fileRef = 7D1054102074A12E00880FF2 /* Extension.swift */; };
/* End PBXBuildFile section */

/* Begin PBXFileReference section */
		7D1053F2207382D100880FF2 /* HackDay_GestureVideoPlayer.app */ = {isa = PBXFileReference; explicitFileType = wrapper.application; includeInIndex = 0; path = HackDay_GestureVideoPlayer.app; sourceTree = BUILT_PRODUCTS_DIR; };
		7D1053F5207382D100880FF2 /* AppDelegate.swift */ = {isa = PBXFileReference; lastKnownFileType = sourcecode.swift; path = AppDelegate.swift; sourceTree = "<group>"; };
		7D1053F7207382D100880FF2 /* ViewController.swift */ = {isa = PBXFileReference; lastKnownFileType = sourcecode.swift; path = ViewController.swift; sourceTree = "<group>"; };
		7D1053FA207382D100880FF2 /* Base */ = {isa = PBXFileReference; lastKnownFileType = file.storyboard; name = Base; path = Base.lproj/Main.storyboard; sourceTree = "<group>"; };
		7D1053FC207382D100880FF2 /* Assets.xcassets */ = {isa = PBXFileReference; lastKnownFileType = folder.assetcatalog; path = Assets.xcassets; sourceTree = "<group>"; };
		7D1053FF207382D100880FF2 /* Base */ = {isa = PBXFileReference; lastKnownFileType = file.storyboard; name = Base; path = Base.lproj/LaunchScreen.storyboard; sourceTree = "<group>"; };
		7D105401207382D100880FF2 /* Info.plist */ = {isa = PBXFileReference; lastKnownFileType = text.plist.xml; path = Info.plist; sourceTree = "<group>"; };
		7D1054072073A7ED00880FF2 /* PlayerView.swift */ = {isa = PBXFileReference; lastKnownFileType = sourcecode.swift; path = PlayerView.swift; sourceTree = "<group>"; };
		7D10540B20748F2200880FF2 /* VideoListViewController.swift */ = {isa = PBXFileReference; lastKnownFileType = sourcecode.swift; path = VideoListViewController.swift; sourceTree = "<group>"; };
		7D10540D20748F6E00880FF2 /* PlayerViewController.swift */ = {isa = PBXFileReference; lastKnownFileType = sourcecode.swift; path = PlayerViewController.swift; sourceTree = "<group>"; };
		7D1054102074A12E00880FF2 /* Extension.swift */ = {isa = PBXFileReference; lastKnownFileType = sourcecode.swift; path = Extension.swift; sourceTree = "<group>"; };
/* End PBXFileReference section */

/* Begin PBXFrameworksBuildPhase section */
		7D1053EF207382D100880FF2 /* Frameworks */ = {
			isa = PBXFrameworksBuildPhase;
			buildActionMask = 2147483647;
			files = (
			);
			runOnlyForDeploymentPostprocessing = 0;
		};
/* End PBXFrameworksBuildPhase section */

/* Begin PBXGroup section */
		7D1053E9207382D000880FF2 = {
			isa = PBXGroup;
			children = (
				7D1053F4207382D100880FF2 /* HackDay_GestureVideoPlayer */,
				7D1053F3207382D100880FF2 /* Products */,
			);
			sourceTree = "<group>";
		};
		7D1053F3207382D100880FF2 /* Products */ = {
			isa = PBXGroup;
			children = (
				7D1053F2207382D100880FF2 /* HackDay_GestureVideoPlayer.app */,
			);
			name = Products;
			sourceTree = "<group>";
		};
		7D1053F4207382D100880FF2 /* HackDay_GestureVideoPlayer */ = {
			isa = PBXGroup;
			children = (
				7D1053F5207382D100880FF2 /* AppDelegate.swift */,
				7D1054092073A80500880FF2 /* View Controller */,
				7D10540A2073A81300880FF2 /* View */,
				7D10540F2074A11D00880FF2 /* Supporting FIles */,
				7D1053F9207382D100880FF2 /* Main.storyboard */,
				7D1053FC207382D100880FF2 /* Assets.xcassets */,
				7D1053FE207382D100880FF2 /* LaunchScreen.storyboard */,
				7D105401207382D100880FF2 /* Info.plist */,
			);
			path = HackDay_GestureVideoPlayer;
			sourceTree = "<group>";
		};
		7D1054092073A80500880FF2 /* View Controller */ = {
			isa = PBXGroup;
			children = (
				7D1053F7207382D100880FF2 /* ViewController.swift */,
				7D10540B20748F2200880FF2 /* VideoListViewController.swift */,
				7D10540D20748F6E00880FF2 /* PlayerViewController.swift */,
			);
			path = "View Controller";
			sourceTree = "<group>";
		};
		7D10540A2073A81300880FF2 /* View */ = {
			isa = PBXGroup;
			children = (
				7D1054072073A7ED00880FF2 /* PlayerView.swift */,
			);
			path = View;
			sourceTree = "<group>";
		};
		7D10540F2074A11D00880FF2 /* Supporting FIles */ = {
			isa = PBXGroup;
			children = (
				7D1054102074A12E00880FF2 /* Extension.swift */,
			);
			path = "Supporting FIles";
			sourceTree = "<group>";
		};
/* End PBXGroup section */

/* Begin PBXNativeTarget section */
		7D1053F1207382D100880FF2 /* HackDay_GestureVideoPlayer */ = {
			isa = PBXNativeTarget;
			buildConfigurationList = 7D105404207382D100880FF2 /* Build configuration list for PBXNativeTarget "HackDay_GestureVideoPlayer" */;
			buildPhases = (
				7D1053EE207382D100880FF2 /* Sources */,
				7D1053EF207382D100880FF2 /* Frameworks */,
				7D1053F0207382D100880FF2 /* Resources */,
			);
			buildRules = (
			);
			dependencies = (
			);
			name = HackDay_GestureVideoPlayer;
			productName = HackDay_GestureVideoPlayer;
			productReference = 7D1053F2207382D100880FF2 /* HackDay_GestureVideoPlayer.app */;
			productType = "com.apple.product-type.application";
		};
/* End PBXNativeTarget section */

/* Begin PBXProject section */
		7D1053EA207382D000880FF2 /* Project object */ = {
			isa = PBXProject;
			attributes = {
				LastSwiftUpdateCheck = 0920;
				LastUpgradeCheck = 0920;
				ORGANIZATIONNAME = Alpaca;
				TargetAttributes = {
					7D1053F1207382D100880FF2 = {
						CreatedOnToolsVersion = 9.2;
						ProvisioningStyle = Automatic;
						SystemCapabilities = {
							com.apple.BackgroundModes = {
								enabled = 1;
							};
						};
					};
				};
			};
			buildConfigurationList = 7D1053ED207382D000880FF2 /* Build configuration list for PBXProject "HackDay_GestureVideoPlayer" */;
			compatibilityVersion = "Xcode 8.0";
			developmentRegion = en;
			hasScannedForEncodings = 0;
			knownRegions = (
				en,
				Base,
			);
			mainGroup = 7D1053E9207382D000880FF2;
			productRefGroup = 7D1053F3207382D100880FF2 /* Products */;
			projectDirPath = "";
			projectRoot = "";
			targets = (
				7D1053F1207382D100880FF2 /* HackDay_GestureVideoPlayer */,
			);
		};
/* End PBXProject section */

/* Begin PBXResourcesBuildPhase section */
		7D1053F0207382D100880FF2 /* Resources */ = {
			isa = PBXResourcesBuildPhase;
			buildActionMask = 2147483647;
			files = (
				7D105400207382D100880FF2 /* LaunchScreen.storyboard in Resources */,
				7D1053FD207382D100880FF2 /* Assets.xcassets in Resources */,
				7D1053FB207382D100880FF2 /* Main.storyboard in Resources */,
			);
			runOnlyForDeploymentPostprocessing = 0;
		};
/* End PBXResourcesBuildPhase section */

/* Begin PBXSourcesBuildPhase section */
		7D1053EE207382D100880FF2 /* Sources */ = {
			isa = PBXSourcesBuildPhase;
			buildActionMask = 2147483647;
			files = (
				7D1054082073A7ED00880FF2 /* PlayerView.swift in Sources */,
				7D1053F8207382D100880FF2 /* ViewController.swift in Sources */,
				7D10540C20748F2200880FF2 /* VideoListViewController.swift in Sources */,
				7D1054112074A12E00880FF2 /* Extension.swift in Sources */,
				7D1053F6207382D100880FF2 /* AppDelegate.swift in Sources */,
				7D10540E20748F6E00880FF2 /* PlayerViewController.swift in Sources */,
			);
			runOnlyForDeploymentPostprocessing = 0;
		};
/* End PBXSourcesBuildPhase section */

/* Begin PBXVariantGroup section */
		7D1053F9207382D100880FF2 /* Main.storyboard */ = {
			isa = PBXVariantGroup;
			children = (
				7D1053FA207382D100880FF2 /* Base */,
			);
			name = Main.storyboard;
			sourceTree = "<group>";
		};
		7D1053FE207382D100880FF2 /* LaunchScreen.storyboard */ = {
			isa = PBXVariantGroup;
			children = (
				7D1053FF207382D100880FF2 /* Base */,
			);
			name = LaunchScreen.storyboard;
			sourceTree = "<group>";
		};
/* End PBXVariantGroup section */

/* Begin XCBuildConfiguration section */
		7D105402207382D100880FF2 /* Debug */ = {
			isa = XCBuildConfiguration;
			buildSettings = {
				ALWAYS_SEARCH_USER_PATHS = NO;
				CLANG_ANALYZER_NONNULL = YES;
				CLANG_ANALYZER_NUMBER_OBJECT_CONVERSION = YES_AGGRESSIVE;
				CLANG_CXX_LANGUAGE_STANDARD = "gnu++14";
				CLANG_CXX_LIBRARY = "libc++";
				CLANG_ENABLE_MODULES = YES;
				CLANG_ENABLE_OBJC_ARC = YES;
				CLANG_WARN_BLOCK_CAPTURE_AUTORELEASING = YES;
				CLANG_WARN_BOOL_CONVERSION = YES;
				CLANG_WARN_COMMA = YES;
				CLANG_WARN_CONSTANT_CONVERSION = YES;
				CLANG_WARN_DIRECT_OBJC_ISA_USAGE = YES_ERROR;
				CLANG_WARN_DOCUMENTATION_COMMENTS = YES;
				CLANG_WARN_EMPTY_BODY = YES;
				CLANG_WARN_ENUM_CONVERSION = YES;
				CLANG_WARN_INFINITE_RECURSION = YES;
				CLANG_WARN_INT_CONVERSION = YES;
				CLANG_WARN_NON_LITERAL_NULL_CONVERSION = YES;
				CLANG_WARN_OBJC_LITERAL_CONVERSION = YES;
				CLANG_WARN_OBJC_ROOT_CLASS = YES_ERROR;
				CLANG_WARN_RANGE_LOOP_ANALYSIS = YES;
				CLANG_WARN_STRICT_PROTOTYPES = YES;
				CLANG_WARN_SUSPICIOUS_MOVE = YES;
				CLANG_WARN_UNGUARDED_AVAILABILITY = YES_AGGRESSIVE;
				CLANG_WARN_UNREACHABLE_CODE = YES;
				CLANG_WARN__DUPLICATE_METHOD_MATCH = YES;
				CODE_SIGN_IDENTITY = "iPhone Developer";
				COPY_PHASE_STRIP = NO;
				DEBUG_INFORMATION_FORMAT = dwarf;
				ENABLE_STRICT_OBJC_MSGSEND = YES;
				ENABLE_TESTABILITY = YES;
				GCC_C_LANGUAGE_STANDARD = gnu11;
				GCC_DYNAMIC_NO_PIC = NO;
				GCC_NO_COMMON_BLOCKS = YES;
				GCC_OPTIMIZATION_LEVEL = 0;
				GCC_PREPROCESSOR_DEFINITIONS = (
					"DEBUG=1",
					"$(inherited)",
				);
				GCC_WARN_64_TO_32_BIT_CONVERSION = YES;
				GCC_WARN_ABOUT_RETURN_TYPE = YES_ERROR;
				GCC_WARN_UNDECLARED_SELECTOR = YES;
				GCC_WARN_UNINITIALIZED_AUTOS = YES_AGGRESSIVE;
				GCC_WARN_UNUSED_FUNCTION = YES;
				GCC_WARN_UNUSED_VARIABLE = YES;
				IPHONEOS_DEPLOYMENT_TARGET = 11.2;
				MTL_ENABLE_DEBUG_INFO = YES;
				ONLY_ACTIVE_ARCH = YES;
				SDKROOT = iphoneos;
				SWIFT_ACTIVE_COMPILATION_CONDITIONS = DEBUG;
				SWIFT_OPTIMIZATION_LEVEL = "-Onone";
			};
			name = Debug;
		};
		7D105403207382D100880FF2 /* Release */ = {
			isa = XCBuildConfiguration;
			buildSettings = {
				ALWAYS_SEARCH_USER_PATHS = NO;
				CLANG_ANALYZER_NONNULL = YES;
				CLANG_ANALYZER_NUMBER_OBJECT_CONVERSION = YES_AGGRESSIVE;
				CLANG_CXX_LANGUAGE_STANDARD = "gnu++14";
				CLANG_CXX_LIBRARY = "libc++";
				CLANG_ENABLE_MODULES = YES;
				CLANG_ENABLE_OBJC_ARC = YES;
				CLANG_WARN_BLOCK_CAPTURE_AUTORELEASING = YES;
				CLANG_WARN_BOOL_CONVERSION = YES;
				CLANG_WARN_COMMA = YES;
				CLANG_WARN_CONSTANT_CONVERSION = YES;
				CLANG_WARN_DIRECT_OBJC_ISA_USAGE = YES_ERROR;
				CLANG_WARN_DOCUMENTATION_COMMENTS = YES;
				CLANG_WARN_EMPTY_BODY = YES;
				CLANG_WARN_ENUM_CONVERSION = YES;
				CLANG_WARN_INFINITE_RECURSION = YES;
				CLANG_WARN_INT_CONVERSION = YES;
				CLANG_WARN_NON_LITERAL_NULL_CONVERSION = YES;
				CLANG_WARN_OBJC_LITERAL_CONVERSION = YES;
				CLANG_WARN_OBJC_ROOT_CLASS = YES_ERROR;
				CLANG_WARN_RANGE_LOOP_ANALYSIS = YES;
				CLANG_WARN_STRICT_PROTOTYPES = YES;
				CLANG_WARN_SUSPICIOUS_MOVE = YES;
				CLANG_WARN_UNGUARDED_AVAILABILITY = YES_AGGRESSIVE;
				CLANG_WARN_UNREACHABLE_CODE = YES;
				CLANG_WARN__DUPLICATE_METHOD_MATCH = YES;
				CODE_SIGN_IDENTITY = "iPhone Developer";
				COPY_PHASE_STRIP = NO;
				DEBUG_INFORMATION_FORMAT = "dwarf-with-dsym";
				ENABLE_NS_ASSERTIONS = NO;
				ENABLE_STRICT_OBJC_MSGSEND = YES;
				GCC_C_LANGUAGE_STANDARD = gnu11;
				GCC_NO_COMMON_BLOCKS = YES;
				GCC_WARN_64_TO_32_BIT_CONVERSION = YES;
				GCC_WARN_ABOUT_RETURN_TYPE = YES_ERROR;
				GCC_WARN_UNDECLARED_SELECTOR = YES;
				GCC_WARN_UNINITIALIZED_AUTOS = YES_AGGRESSIVE;
				GCC_WARN_UNUSED_FUNCTION = YES;
				GCC_WARN_UNUSED_VARIABLE = YES;
				IPHONEOS_DEPLOYMENT_TARGET = 11.2;
				MTL_ENABLE_DEBUG_INFO = NO;
				SDKROOT = iphoneos;
				SWIFT_OPTIMIZATION_LEVEL = "-Owholemodule";
				VALIDATE_PRODUCT = YES;
			};
			name = Release;
		};
		7D105405207382D100880FF2 /* Debug */ = {
			isa = XCBuildConfiguration;
			buildSettings = {
				ASSETCATALOG_COMPILER_APPICON_NAME = AppIcon;
				CODE_SIGN_STYLE = Automatic;
				DEVELOPMENT_TEAM = WJV2E4572L;
				INFOPLIST_FILE = HackDay_GestureVideoPlayer/Info.plist;
				IPHONEOS_DEPLOYMENT_TARGET = 10.0;
				LD_RUNPATH_SEARCH_PATHS = "$(inherited) @executable_path/Frameworks";
				PRODUCT_BUNDLE_IDENTIFIER = "alpaca.HackDay-GestureVideoPlayer";
				PRODUCT_NAME = "$(TARGET_NAME)";
				SWIFT_VERSION = 4.0;
				TARGETED_DEVICE_FAMILY = "1,2";
			};
			name = Debug;
		};
		7D105406207382D100880FF2 /* Release */ = {
			isa = XCBuildConfiguration;
			buildSettings = {
				ASSETCATALOG_COMPILER_APPICON_NAME = AppIcon;
				CODE_SIGN_STYLE = Automatic;
				DEVELOPMENT_TEAM = WJV2E4572L;
				INFOPLIST_FILE = HackDay_GestureVideoPlayer/Info.plist;
				IPHONEOS_DEPLOYMENT_TARGET = 10.0;
				LD_RUNPATH_SEARCH_PATHS = "$(inherited) @executable_path/Frameworks";
				PRODUCT_BUNDLE_IDENTIFIER = "alpaca.HackDay-GestureVideoPlayer";
				PRODUCT_NAME = "$(TARGET_NAME)";
				SWIFT_VERSION = 4.0;
				TARGETED_DEVICE_FAMILY = "1,2";
			};
			name = Release;
		};
/* End XCBuildConfiguration section */

/* Begin XCConfigurationList section */
		7D1053ED207382D000880FF2 /* Build configuration list for PBXProject "HackDay_GestureVideoPlayer" */ = {
			isa = XCConfigurationList;
			buildConfigurations = (
				7D105402207382D100880FF2 /* Debug */,
				7D105403207382D100880FF2 /* Release */,
			);
			defaultConfigurationIsVisible = 0;
			defaultConfigurationName = Release;
		};
		7D105404207382D100880FF2 /* Build configuration list for PBXNativeTarget "HackDay_GestureVideoPlayer" */ = {
			isa = XCConfigurationList;
			buildConfigurations = (
				7D105405207382D100880FF2 /* Debug */,
				7D105406207382D100880FF2 /* Release */,
			);
			defaultConfigurationIsVisible = 0;
			defaultConfigurationName = Release;
		};
/* End XCConfigurationList section */
	};
	rootObject = 7D1053EA207382D000880FF2 /* Project object */;
}
